// !$*UTF8*$!
{
	archiveVersion = 1;
	classes = {
	};
	objectVersion = 46;
	objects = {

/* Begin PBXBuildFile section */
		2B21574B1D08F16229459F08 /* simpleLogger.cpp in Sources */ = {isa = PBXBuildFile; fileRef = 45C35527A6BFC12F9414C498 /* simpleLogger.cpp */; };
		305F6CA0D586511D1A4B74AA /* guiBaseObject.cpp in Sources */ = {isa = PBXBuildFile; fileRef = 3D0B6DBF17D58ACC63E46173 /* guiBaseObject.cpp */; };
		32228DCF2887E54F5518A192 /* guiCallbackValue.cpp in Sources */ = {isa = PBXBuildFile; fileRef = 291819969207C5A1D55818F3 /* guiCallbackValue.cpp */; };
		3FC457E7DBC6F803E836F84C /* guiTypeChartPlotter.cpp in Sources */ = {isa = PBXBuildFile; fileRef = 9EC2166DDF5A4B37248379DA /* guiTypeChartPlotter.cpp */; };
		48C4CC14F41C5011881CF4C9 /* guiTypeToggle.cpp in Sources */ = {isa = PBXBuildFile; fileRef = D23B06CD69A9A8A33F30AFF9 /* guiTypeToggle.cpp */; };
		4DB1E0E9777D54AF9A5C730C /* ofxControlPanel.cpp in Sources */ = {isa = PBXBuildFile; fileRef = DBAF8334A7346565465B324A /* ofxControlPanel.cpp */; };
		6474CBF619BCE019003C94E2 /* AVFoundation.framework in Frameworks */ = {isa = PBXBuildFile; fileRef = 6474CBF019BCE00B003C94E2 /* AVFoundation.framework */; };
		6474CBF719BCE019003C94E2 /* CoreMedia.framework in Frameworks */ = {isa = PBXBuildFile; fileRef = 6474CBF119BCE00B003C94E2 /* CoreMedia.framework */; };
		6474CBF819BCE019003C94E2 /* QuartzCore.framework in Frameworks */ = {isa = PBXBuildFile; fileRef = 6474CBF219BCE00B003C94E2 /* QuartzCore.framework */; };
		72C9C04E23596576DC20D815 /* particle.cpp in Sources */ = {isa = PBXBuildFile; fileRef = 09150BF591FDDF0ECA6D1D30 /* particle.cpp */; };
		77CDAC4E72641A926F66CF23 /* guiTextBase.cpp in Sources */ = {isa = PBXBuildFile; fileRef = 84F3A6D034C336596C209486 /* guiTextBase.cpp */; };
		855211085FA3A30A3B246698 /* guiTypeTextDropDown.cpp in Sources */ = {isa = PBXBuildFile; fileRef = CD02AAA473F9AC139EDD43BE /* guiTypeTextDropDown.cpp */; };
		880714DF8E5B06BA88B98C49 /* guiTypePanel.cpp in Sources */ = {isa = PBXBuildFile; fileRef = 1989A13C067C5D6D12CE68D5 /* guiTypePanel.cpp */; };
		8F3DE660BB3F8DA1013BEBE9 /* guiTypeButtonSlider.cpp in Sources */ = {isa = PBXBuildFile; fileRef = 65C612C51C0A661F4FB6648C /* guiTypeButtonSlider.cpp */; };
		9184B44A8BB766700E50E1F5 /* guiValue.cpp in Sources */ = {isa = PBXBuildFile; fileRef = D0CDF78D2FBC06834766795E /* guiValue.cpp */; };
		A42F28A57E1988B667F2C5C7 /* guiCallback.cpp in Sources */ = {isa = PBXBuildFile; fileRef = F13FCFC0ACD6759DFDC0DB34 /* guiCallback.cpp */; };
		AB0DF70E1AD2469E0018FD18 /* ofxXmlSettings.cpp in Sources */ = {isa = PBXBuildFile; fileRef = AB0DF7071AD2469E0018FD18 /* ofxXmlSettings.cpp */; };
		AB0DF70F1AD2469E0018FD18 /* tinyxml.cpp in Sources */ = {isa = PBXBuildFile; fileRef = AB0DF70A1AD2469E0018FD18 /* tinyxml.cpp */; };
		AB0DF7101AD2469E0018FD18 /* tinyxmlerror.cpp in Sources */ = {isa = PBXBuildFile; fileRef = AB0DF70C1AD2469E0018FD18 /* tinyxmlerror.cpp */; };
		AB0DF7111AD2469E0018FD18 /* tinyxmlparser.cpp in Sources */ = {isa = PBXBuildFile; fileRef = AB0DF70D1AD2469E0018FD18 /* tinyxmlparser.cpp */; };
		ADCAD89D19AF644DE4B980DD /* guiTypeMultiToggle.cpp in Sources */ = {isa = PBXBuildFile; fileRef = 5A62F6329268B6C002D0B5A3 /* guiTypeMultiToggle.cpp */; };
		AF9EED97E5787D318B5C5FC9 /* simpleFileLister.cpp in Sources */ = {isa = PBXBuildFile; fileRef = D170DEB278727B0F538FB807 /* simpleFileLister.cpp */; };
		B1D83FD9410A8C4B53E41FA0 /* guiTypeLabel.cpp in Sources */ = {isa = PBXBuildFile; fileRef = 149016B1A89A34F9D2461C49 /* guiTypeLabel.cpp */; };
		B4679340C8D9897C694BA5A5 /* guiTypeFileLister.cpp in Sources */ = {isa = PBXBuildFile; fileRef = C40533D2133B5F12824B3EF7 /* guiTypeFileLister.cpp */; };
		B791D0CB11613CCB610A683D /* guiTypeText.cpp in Sources */ = {isa = PBXBuildFile; fileRef = EAA17C174C209CAA64D33935 /* guiTypeText.cpp */; };
		BBAB23CB13894F3D00AA2426 /* GLUT.framework in CopyFiles */ = {isa = PBXBuildFile; fileRef = BBAB23BE13894E4700AA2426 /* GLUT.framework */; };
		C0C58EDF9BB79C5DEEB2A42A /* guiTypeSlider.cpp in Sources */ = {isa = PBXBuildFile; fileRef = 9ED1F5C2FBA890C596F54328 /* guiTypeSlider.cpp */; };
		C58DD68752D2F96FDBB0D327 /* guiType2DSlider.cpp in Sources */ = {isa = PBXBuildFile; fileRef = E273EBD7FB776B4300033078 /* guiType2DSlider.cpp */; };
		D5A6D19315822CE081324047 /* guiColor.cpp in Sources */ = {isa = PBXBuildFile; fileRef = B87503EC7114D587C4B6D0F8 /* guiColor.cpp */; };
		D8C42AB95A0FA3C44FC6B476 /* guiTypeLogger.cpp in Sources */ = {isa = PBXBuildFile; fileRef = C63AF39E1CB32D27AFE6CFAB /* guiTypeLogger.cpp */; };
		DB63BE57E70DB9197B5D4B2F /* guiTypeDrawable.cpp in Sources */ = {isa = PBXBuildFile; fileRef = 097568880BC7D828549A109D /* guiTypeDrawable.cpp */; };
		DCB9250D6B51CD3062AB9C5A /* guiTypeTextInput.cpp in Sources */ = {isa = PBXBuildFile; fileRef = F407459AF9A03D19ED0EF1F1 /* guiTypeTextInput.cpp */; };
		DE1502C2240BBA214D4F95D3 /* guiTypeVairableLister.cpp in Sources */ = {isa = PBXBuildFile; fileRef = 506CB1AC56F228EF96C22630 /* guiTypeVairableLister.cpp */; };
		E4328149138ABC9F0047C5CB /* openFrameworksDebug.a in Frameworks */ = {isa = PBXBuildFile; fileRef = E4328148138ABC890047C5CB /* openFrameworksDebug.a */; };
		E45BE97B0E8CC7DD009D7055 /* AGL.framework in Frameworks */ = {isa = PBXBuildFile; fileRef = E45BE9710E8CC7DD009D7055 /* AGL.framework */; };
		E45BE97C0E8CC7DD009D7055 /* ApplicationServices.framework in Frameworks */ = {isa = PBXBuildFile; fileRef = E45BE9720E8CC7DD009D7055 /* ApplicationServices.framework */; };
		E45BE97D0E8CC7DD009D7055 /* AudioToolbox.framework in Frameworks */ = {isa = PBXBuildFile; fileRef = E45BE9730E8CC7DD009D7055 /* AudioToolbox.framework */; };
		E45BE97F0E8CC7DD009D7055 /* CoreAudio.framework in Frameworks */ = {isa = PBXBuildFile; fileRef = E45BE9750E8CC7DD009D7055 /* CoreAudio.framework */; };
		E45BE9800E8CC7DD009D7055 /* CoreFoundation.framework in Frameworks */ = {isa = PBXBuildFile; fileRef = E45BE9760E8CC7DD009D7055 /* CoreFoundation.framework */; };
		E45BE9810E8CC7DD009D7055 /* CoreServices.framework in Frameworks */ = {isa = PBXBuildFile; fileRef = E45BE9770E8CC7DD009D7055 /* CoreServices.framework */; };
		E45BE9830E8CC7DD009D7055 /* OpenGL.framework in Frameworks */ = {isa = PBXBuildFile; fileRef = E45BE9790E8CC7DD009D7055 /* OpenGL.framework */; };
		E45BE9840E8CC7DD009D7055 /* QuickTime.framework in Frameworks */ = {isa = PBXBuildFile; fileRef = E45BE97A0E8CC7DD009D7055 /* QuickTime.framework */; };
		E4B69E200A3A1BDC003C02F2 /* main.cpp in Sources */ = {isa = PBXBuildFile; fileRef = E4B69E1D0A3A1BDC003C02F2 /* main.cpp */; };
		E4B69E210A3A1BDC003C02F2 /* ofApp.cpp in Sources */ = {isa = PBXBuildFile; fileRef = E4B69E1E0A3A1BDC003C02F2 /* ofApp.cpp */; };
		E4C2424710CC5A17004149E2 /* AppKit.framework in Frameworks */ = {isa = PBXBuildFile; fileRef = E4C2424410CC5A17004149E2 /* AppKit.framework */; };
		E4C2424810CC5A17004149E2 /* Cocoa.framework in Frameworks */ = {isa = PBXBuildFile; fileRef = E4C2424510CC5A17004149E2 /* Cocoa.framework */; };
		E4C2424910CC5A17004149E2 /* IOKit.framework in Frameworks */ = {isa = PBXBuildFile; fileRef = E4C2424610CC5A17004149E2 /* IOKit.framework */; };
		E4EB6799138ADC1D00A09F29 /* GLUT.framework in Frameworks */ = {isa = PBXBuildFile; fileRef = BBAB23BE13894E4700AA2426 /* GLUT.framework */; };
		E7E077E515D3B63C0020DFD4 /* CoreVideo.framework in Frameworks */ = {isa = PBXBuildFile; fileRef = E7E077E415D3B63C0020DFD4 /* CoreVideo.framework */; };
		E7E077E815D3B6510020DFD4 /* QTKit.framework in Frameworks */ = {isa = PBXBuildFile; fileRef = E7E077E715D3B6510020DFD4 /* QTKit.framework */; };
		E7F985F815E0DEA3003869B5 /* Accelerate.framework in Frameworks */ = {isa = PBXBuildFile; fileRef = E7F985F515E0DE99003869B5 /* Accelerate.framework */; };
		ECF32D4C2482DCECEC323401 /* simpleColor.cpp in Sources */ = {isa = PBXBuildFile; fileRef = F8BA871CC5ECF5C95D891B63 /* simpleColor.cpp */; };
		F30303A05C23473489E16E88 /* guiTypeCustom.cpp in Sources */ = {isa = PBXBuildFile; fileRef = E7F8FBADD144B9A25BE47B0F /* guiTypeCustom.cpp */; };
		FD0FAE2D501EADF18A167574 /* guiTypeVideo.cpp in Sources */ = {isa = PBXBuildFile; fileRef = 3641F993E6902E1FBBB67755 /* guiTypeVideo.cpp */; };
/* End PBXBuildFile section */

/* Begin PBXContainerItemProxy section */
		E4328147138ABC890047C5CB /* PBXContainerItemProxy */ = {
			isa = PBXContainerItemProxy;
			containerPortal = E4328143138ABC890047C5CB /* openFrameworksLib.xcodeproj */;
			proxyType = 2;
			remoteGlobalIDString = E4B27C1510CBEB8E00536013;
			remoteInfo = openFrameworks;
		};
		E4EEB9AB138B136A00A80321 /* PBXContainerItemProxy */ = {
			isa = PBXContainerItemProxy;
			containerPortal = E4328143138ABC890047C5CB /* openFrameworksLib.xcodeproj */;
			proxyType = 1;
			remoteGlobalIDString = E4B27C1410CBEB8E00536013;
			remoteInfo = openFrameworks;
		};
/* End PBXContainerItemProxy section */

/* Begin PBXCopyFilesBuildPhase section */
		E4C2427710CC5ABF004149E2 /* CopyFiles */ = {
			isa = PBXCopyFilesBuildPhase;
			buildActionMask = 2147483647;
			dstPath = "";
			dstSubfolderSpec = 10;
			files = (
				BBAB23CB13894F3D00AA2426 /* GLUT.framework in CopyFiles */,
			);
			runOnlyForDeploymentPostprocessing = 0;
		};
/* End PBXCopyFilesBuildPhase section */

/* Begin PBXFileReference section */
		02E924BB5D84723C6494231E /* guiTypeText.h */ = {isa = PBXFileReference; explicitFileType = sourcecode.c.h; fileEncoding = 30; name = guiTypeText.h; path = src/ofxControlPanel/src/guiTypeText.h; sourceTree = SOURCE_ROOT; };
		09150BF591FDDF0ECA6D1D30 /* particle.cpp */ = {isa = PBXFileReference; explicitFileType = sourcecode.cpp.cpp; fileEncoding = 30; name = particle.cpp; path = src/particle.cpp; sourceTree = SOURCE_ROOT; };
		097568880BC7D828549A109D /* guiTypeDrawable.cpp */ = {isa = PBXFileReference; explicitFileType = sourcecode.cpp.cpp; fileEncoding = 30; name = guiTypeDrawable.cpp; path = src/ofxControlPanel/src/guiTypeDrawable.cpp; sourceTree = SOURCE_ROOT; };
		09AD3A067CCB2FBB3D58A0EA /* guiTypeTextInput.h */ = {isa = PBXFileReference; explicitFileType = sourcecode.c.h; fileEncoding = 30; name = guiTypeTextInput.h; path = src/ofxControlPanel/src/guiTypeTextInput.h; sourceTree = SOURCE_ROOT; };
		11CA502443F9FD77EEF92FAA /* guiTypePanel.h */ = {isa = PBXFileReference; explicitFileType = sourcecode.c.h; fileEncoding = 30; name = guiTypePanel.h; path = src/ofxControlPanel/src/guiTypePanel.h; sourceTree = SOURCE_ROOT; };
		149016B1A89A34F9D2461C49 /* guiTypeLabel.cpp */ = {isa = PBXFileReference; explicitFileType = sourcecode.cpp.cpp; fileEncoding = 30; name = guiTypeLabel.cpp; path = src/ofxControlPanel/src/guiTypeLabel.cpp; sourceTree = SOURCE_ROOT; };
		191B7643F50F4E35B835FFAA /* guiXmlValue.h */ = {isa = PBXFileReference; explicitFileType = sourcecode.c.h; fileEncoding = 30; name = guiXmlValue.h; path = src/ofxControlPanel/src/guiXmlValue.h; sourceTree = SOURCE_ROOT; };
		1989A13C067C5D6D12CE68D5 /* guiTypePanel.cpp */ = {isa = PBXFileReference; explicitFileType = sourcecode.cpp.cpp; fileEncoding = 30; name = guiTypePanel.cpp; path = src/ofxControlPanel/src/guiTypePanel.cpp; sourceTree = SOURCE_ROOT; };
		1C413C4807986812E90AF127 /* guiColor.h */ = {isa = PBXFileReference; explicitFileType = sourcecode.c.h; fileEncoding = 30; name = guiColor.h; path = src/ofxControlPanel/src/guiColor.h; sourceTree = SOURCE_ROOT; };
		1C800E7D2478CDC0B86B86AD /* guiTypeMultiToggle.h */ = {isa = PBXFileReference; explicitFileType = sourcecode.c.h; fileEncoding = 30; name = guiTypeMultiToggle.h; path = src/ofxControlPanel/src/guiTypeMultiToggle.h; sourceTree = SOURCE_ROOT; };
		1ED6AD99FD92FB0800C056D3 /* guiTypeChartPlotter.h */ = {isa = PBXFileReference; explicitFileType = sourcecode.c.h; fileEncoding = 30; name = guiTypeChartPlotter.h; path = src/ofxControlPanel/src/guiTypeChartPlotter.h; sourceTree = SOURCE_ROOT; };
		2758020C04CC35F2FD1D28EE /* guiTypeCustom.h */ = {isa = PBXFileReference; explicitFileType = sourcecode.c.h; fileEncoding = 30; name = guiTypeCustom.h; path = src/ofxControlPanel/src/guiTypeCustom.h; sourceTree = SOURCE_ROOT; };
		291819969207C5A1D55818F3 /* guiCallbackValue.cpp */ = {isa = PBXFileReference; explicitFileType = sourcecode.cpp.cpp; fileEncoding = 30; name = guiCallbackValue.cpp; path = src/ofxControlPanel/src/guiCallbackValue.cpp; sourceTree = SOURCE_ROOT; };
		3404C6F397ED50FA25128632 /* guiBaseObject.h */ = {isa = PBXFileReference; explicitFileType = sourcecode.c.h; fileEncoding = 30; name = guiBaseObject.h; path = src/ofxControlPanel/src/guiBaseObject.h; sourceTree = SOURCE_ROOT; };
		3641F993E6902E1FBBB67755 /* guiTypeVideo.cpp */ = {isa = PBXFileReference; explicitFileType = sourcecode.cpp.cpp; fileEncoding = 30; name = guiTypeVideo.cpp; path = src/ofxControlPanel/src/guiTypeVideo.cpp; sourceTree = SOURCE_ROOT; };
		390A886434EA52CC82C5304A /* guiTypeVideo.h */ = {isa = PBXFileReference; explicitFileType = sourcecode.c.h; fileEncoding = 30; name = guiTypeVideo.h; path = src/ofxControlPanel/src/guiTypeVideo.h; sourceTree = SOURCE_ROOT; };
		3B7942A649E6169C9AFD8865 /* ofxControlPanel.h */ = {isa = PBXFileReference; explicitFileType = sourcecode.c.h; fileEncoding = 30; name = ofxControlPanel.h; path = src/ofxControlPanel/src/ofxControlPanel.h; sourceTree = SOURCE_ROOT; };
		3D0B6DBF17D58ACC63E46173 /* guiBaseObject.cpp */ = {isa = PBXFileReference; explicitFileType = sourcecode.cpp.cpp; fileEncoding = 30; name = guiBaseObject.cpp; path = src/ofxControlPanel/src/guiBaseObject.cpp; sourceTree = SOURCE_ROOT; };
		3E0936771537B38B1DB72FA4 /* guiTypeSlider.h */ = {isa = PBXFileReference; explicitFileType = sourcecode.c.h; fileEncoding = 30; name = guiTypeSlider.h; path = src/ofxControlPanel/src/guiTypeSlider.h; sourceTree = SOURCE_ROOT; };
		3F62FAB9CBDC4E3A8FE5F9CD /* guiTypeButtonSlider.h */ = {isa = PBXFileReference; explicitFileType = sourcecode.c.h; fileEncoding = 30; name = guiTypeButtonSlider.h; path = src/ofxControlPanel/src/guiTypeButtonSlider.h; sourceTree = SOURCE_ROOT; };
		45C35527A6BFC12F9414C498 /* simpleLogger.cpp */ = {isa = PBXFileReference; explicitFileType = sourcecode.cpp.cpp; fileEncoding = 30; name = simpleLogger.cpp; path = src/ofxControlPanel/src/simpleLogger.cpp; sourceTree = SOURCE_ROOT; };
		4F21538397B239430AB94917 /* guiTypeDrawable.h */ = {isa = PBXFileReference; explicitFileType = sourcecode.c.h; fileEncoding = 30; name = guiTypeDrawable.h; path = src/ofxControlPanel/src/guiTypeDrawable.h; sourceTree = SOURCE_ROOT; };
		506CB1AC56F228EF96C22630 /* guiTypeVairableLister.cpp */ = {isa = PBXFileReference; explicitFileType = sourcecode.cpp.cpp; fileEncoding = 30; name = guiTypeVairableLister.cpp; path = src/ofxControlPanel/src/guiTypeVairableLister.cpp; sourceTree = SOURCE_ROOT; };
		5A62F6329268B6C002D0B5A3 /* guiTypeMultiToggle.cpp */ = {isa = PBXFileReference; explicitFileType = sourcecode.cpp.cpp; fileEncoding = 30; name = guiTypeMultiToggle.cpp; path = src/ofxControlPanel/src/guiTypeMultiToggle.cpp; sourceTree = SOURCE_ROOT; };
		5D0315F84A2357D7B8A8F312 /* guiType2DSlider.h */ = {isa = PBXFileReference; explicitFileType = sourcecode.c.h; fileEncoding = 30; name = guiType2DSlider.h; path = src/ofxControlPanel/src/guiType2DSlider.h; sourceTree = SOURCE_ROOT; };
		6474CBF019BCE00B003C94E2 /* AVFoundation.framework */ = {isa = PBXFileReference; lastKnownFileType = wrapper.framework; name = AVFoundation.framework; path = System/Library/Frameworks/AVFoundation.framework; sourceTree = SDKROOT; };
		6474CBF119BCE00B003C94E2 /* CoreMedia.framework */ = {isa = PBXFileReference; lastKnownFileType = wrapper.framework; name = CoreMedia.framework; path = System/Library/Frameworks/CoreMedia.framework; sourceTree = SDKROOT; };
		6474CBF219BCE00B003C94E2 /* QuartzCore.framework */ = {isa = PBXFileReference; lastKnownFileType = wrapper.framework; name = QuartzCore.framework; path = System/Library/Frameworks/QuartzCore.framework; sourceTree = SDKROOT; };
		65C612C51C0A661F4FB6648C /* guiTypeButtonSlider.cpp */ = {isa = PBXFileReference; explicitFileType = sourcecode.cpp.cpp; fileEncoding = 30; name = guiTypeButtonSlider.cpp; path = src/ofxControlPanel/src/guiTypeButtonSlider.cpp; sourceTree = SOURCE_ROOT; };
		678DF4ABADE8D9C8352463DB /* guiTypeTextDropDown.h */ = {isa = PBXFileReference; explicitFileType = sourcecode.c.h; fileEncoding = 30; name = guiTypeTextDropDown.h; path = src/ofxControlPanel/src/guiTypeTextDropDown.h; sourceTree = SOURCE_ROOT; };
		6ED1108BFCAC129BCCE62A14 /* guiTypeLabel.h */ = {isa = PBXFileReference; explicitFileType = sourcecode.c.h; fileEncoding = 30; name = guiTypeLabel.h; path = src/ofxControlPanel/src/guiTypeLabel.h; sourceTree = SOURCE_ROOT; };
		70A1E2317AD2EDA4F2D40FA0 /* guiTypeVairableLister.h */ = {isa = PBXFileReference; explicitFileType = sourcecode.c.h; fileEncoding = 30; name = guiTypeVairableLister.h; path = src/ofxControlPanel/src/guiTypeVairableLister.h; sourceTree = SOURCE_ROOT; };
		7507F56545723A550972A507 /* guiCustomImpl.h */ = {isa = PBXFileReference; explicitFileType = sourcecode.c.h; fileEncoding = 30; name = guiCustomImpl.h; path = src/ofxControlPanel/src/guiCustomImpl.h; sourceTree = SOURCE_ROOT; };
		7CB8FD7D9E641DF0E3CD6FCA /* guiCallbackValue.h */ = {isa = PBXFileReference; explicitFileType = sourcecode.c.h; fileEncoding = 30; name = guiCallbackValue.h; path = src/ofxControlPanel/src/guiCallbackValue.h; sourceTree = SOURCE_ROOT; };
		84F3A6D034C336596C209486 /* guiTextBase.cpp */ = {isa = PBXFileReference; explicitFileType = sourcecode.cpp.cpp; fileEncoding = 30; name = guiTextBase.cpp; path = src/ofxControlPanel/src/guiTextBase.cpp; sourceTree = SOURCE_ROOT; };
		8DBA4F1FAB12379DFFD9D560 /* guiIncludes.h */ = {isa = PBXFileReference; explicitFileType = sourcecode.c.h; fileEncoding = 30; name = guiIncludes.h; path = src/ofxControlPanel/src/guiIncludes.h; sourceTree = SOURCE_ROOT; };
		97334EC181912CB7C4CD0E98 /* guiTextBase.h */ = {isa = PBXFileReference; explicitFileType = sourcecode.c.h; fileEncoding = 30; name = guiTextBase.h; path = src/ofxControlPanel/src/guiTextBase.h; sourceTree = SOURCE_ROOT; };
		9EC2166DDF5A4B37248379DA /* guiTypeChartPlotter.cpp */ = {isa = PBXFileReference; explicitFileType = sourcecode.cpp.cpp; fileEncoding = 30; name = guiTypeChartPlotter.cpp; path = src/ofxControlPanel/src/guiTypeChartPlotter.cpp; sourceTree = SOURCE_ROOT; };
		9ED1F5C2FBA890C596F54328 /* guiTypeSlider.cpp */ = {isa = PBXFileReference; explicitFileType = sourcecode.cpp.cpp; fileEncoding = 30; name = guiTypeSlider.cpp; path = src/ofxControlPanel/src/guiTypeSlider.cpp; sourceTree = SOURCE_ROOT; };
		AB0DF7071AD2469E0018FD18 /* ofxXmlSettings.cpp */ = {isa = PBXFileReference; lastKnownFileType = sourcecode.cpp.cpp; path = ofxXmlSettings.cpp; sourceTree = "<group>"; };
		AB0DF7081AD2469E0018FD18 /* ofxXmlSettings.h */ = {isa = PBXFileReference; lastKnownFileType = sourcecode.c.h; path = ofxXmlSettings.h; sourceTree = "<group>"; };
		AB0DF70A1AD2469E0018FD18 /* tinyxml.cpp */ = {isa = PBXFileReference; lastKnownFileType = sourcecode.cpp.cpp; path = tinyxml.cpp; sourceTree = "<group>"; };
		AB0DF70B1AD2469E0018FD18 /* tinyxml.h */ = {isa = PBXFileReference; lastKnownFileType = sourcecode.c.h; path = tinyxml.h; sourceTree = "<group>"; };
		AB0DF70C1AD2469E0018FD18 /* tinyxmlerror.cpp */ = {isa = PBXFileReference; lastKnownFileType = sourcecode.cpp.cpp; path = tinyxmlerror.cpp; sourceTree = "<group>"; };
		AB0DF70D1AD2469E0018FD18 /* tinyxmlparser.cpp */ = {isa = PBXFileReference; lastKnownFileType = sourcecode.cpp.cpp; path = tinyxmlparser.cpp; sourceTree = "<group>"; };
		B42C5723E61EACBCBC7FC726 /* guiTypeFileLister.h */ = {isa = PBXFileReference; explicitFileType = sourcecode.c.h; fileEncoding = 30; name = guiTypeFileLister.h; path = src/ofxControlPanel/src/guiTypeFileLister.h; sourceTree = SOURCE_ROOT; };
		B87503EC7114D587C4B6D0F8 /* guiColor.cpp */ = {isa = PBXFileReference; explicitFileType = sourcecode.cpp.cpp; fileEncoding = 30; name = guiColor.cpp; path = src/ofxControlPanel/src/guiColor.cpp; sourceTree = SOURCE_ROOT; };
		BA2A4D27866123CFD1467703 /* ofxAutoControlPanel.h */ = {isa = PBXFileReference; explicitFileType = sourcecode.c.h; fileEncoding = 30; name = ofxAutoControlPanel.h; path = src/ofxControlPanel/ofxAutoControlPanel.h; sourceTree = SOURCE_ROOT; };
		BBAB23BE13894E4700AA2426 /* GLUT.framework */ = {isa = PBXFileReference; lastKnownFileType = wrapper.framework; name = GLUT.framework; path = ../../../libs/glut/lib/osx/GLUT.framework; sourceTree = "<group>"; };
		C40533D2133B5F12824B3EF7 /* guiTypeFileLister.cpp */ = {isa = PBXFileReference; explicitFileType = sourcecode.cpp.cpp; fileEncoding = 30; name = guiTypeFileLister.cpp; path = src/ofxControlPanel/src/guiTypeFileLister.cpp; sourceTree = SOURCE_ROOT; };
		C4290E0AA046AB2952A4F506 /* particle.h */ = {isa = PBXFileReference; explicitFileType = sourcecode.c.h; fileEncoding = 30; name = particle.h; path = src/particle.h; sourceTree = SOURCE_ROOT; };
		C63AF39E1CB32D27AFE6CFAB /* guiTypeLogger.cpp */ = {isa = PBXFileReference; explicitFileType = sourcecode.cpp.cpp; fileEncoding = 30; name = guiTypeLogger.cpp; path = src/ofxControlPanel/src/guiTypeLogger.cpp; sourceTree = SOURCE_ROOT; };
		CA4EBF5BB74CABEAD5DBFC54 /* guiTypeToggle.h */ = {isa = PBXFileReference; explicitFileType = sourcecode.c.h; fileEncoding = 30; name = guiTypeToggle.h; path = src/ofxControlPanel/src/guiTypeToggle.h; sourceTree = SOURCE_ROOT; };
		CD02AAA473F9AC139EDD43BE /* guiTypeTextDropDown.cpp */ = {isa = PBXFileReference; explicitFileType = sourcecode.cpp.cpp; fileEncoding = 30; name = guiTypeTextDropDown.cpp; path = src/ofxControlPanel/src/guiTypeTextDropDown.cpp; sourceTree = SOURCE_ROOT; };
		D0CDF78D2FBC06834766795E /* guiValue.cpp */ = {isa = PBXFileReference; explicitFileType = sourcecode.cpp.cpp; fileEncoding = 30; name = guiValue.cpp; path = src/ofxControlPanel/src/guiValue.cpp; sourceTree = SOURCE_ROOT; };
		D170DEB278727B0F538FB807 /* simpleFileLister.cpp */ = {isa = PBXFileReference; explicitFileType = sourcecode.cpp.cpp; fileEncoding = 30; name = simpleFileLister.cpp; path = src/ofxControlPanel/src/simpleFileLister.cpp; sourceTree = SOURCE_ROOT; };
		D23B06CD69A9A8A33F30AFF9 /* guiTypeToggle.cpp */ = {isa = PBXFileReference; explicitFileType = sourcecode.cpp.cpp; fileEncoding = 30; name = guiTypeToggle.cpp; path = src/ofxControlPanel/src/guiTypeToggle.cpp; sourceTree = SOURCE_ROOT; };
		DBAF8334A7346565465B324A /* ofxControlPanel.cpp */ = {isa = PBXFileReference; explicitFileType = sourcecode.cpp.cpp; fileEncoding = 30; name = ofxControlPanel.cpp; path = src/ofxControlPanel/src/ofxControlPanel.cpp; sourceTree = SOURCE_ROOT; };
		DF3B668FFBAAEE360013E581 /* guiVariablePointer.h */ = {isa = PBXFileReference; explicitFileType = sourcecode.c.h; fileEncoding = 30; name = guiVariablePointer.h; path = src/ofxControlPanel/src/guiVariablePointer.h; sourceTree = SOURCE_ROOT; };
		E273EBD7FB776B4300033078 /* guiType2DSlider.cpp */ = {isa = PBXFileReference; explicitFileType = sourcecode.cpp.cpp; fileEncoding = 30; name = guiType2DSlider.cpp; path = src/ofxControlPanel/src/guiType2DSlider.cpp; sourceTree = SOURCE_ROOT; };
		E341FA30B720F0A95335CB41 /* simpleColor.h */ = {isa = PBXFileReference; explicitFileType = sourcecode.c.h; fileEncoding = 30; name = simpleColor.h; path = src/ofxControlPanel/src/simpleColor.h; sourceTree = SOURCE_ROOT; };
		E4328143138ABC890047C5CB /* openFrameworksLib.xcodeproj */ = {isa = PBXFileReference; lastKnownFileType = "wrapper.pb-project"; name = openFrameworksLib.xcodeproj; path = ../../../libs/openFrameworksCompiled/project/osx/openFrameworksLib.xcodeproj; sourceTree = SOURCE_ROOT; };
		E45BE9710E8CC7DD009D7055 /* AGL.framework */ = {isa = PBXFileReference; lastKnownFileType = wrapper.framework; name = AGL.framework; path = /System/Library/Frameworks/AGL.framework; sourceTree = "<absolute>"; };
		E45BE9720E8CC7DD009D7055 /* ApplicationServices.framework */ = {isa = PBXFileReference; lastKnownFileType = wrapper.framework; name = ApplicationServices.framework; path = /System/Library/Frameworks/ApplicationServices.framework; sourceTree = "<absolute>"; };
		E45BE9730E8CC7DD009D7055 /* AudioToolbox.framework */ = {isa = PBXFileReference; lastKnownFileType = wrapper.framework; name = AudioToolbox.framework; path = /System/Library/Frameworks/AudioToolbox.framework; sourceTree = "<absolute>"; };
		E45BE9750E8CC7DD009D7055 /* CoreAudio.framework */ = {isa = PBXFileReference; lastKnownFileType = wrapper.framework; name = CoreAudio.framework; path = /System/Library/Frameworks/CoreAudio.framework; sourceTree = "<absolute>"; };
		E45BE9760E8CC7DD009D7055 /* CoreFoundation.framework */ = {isa = PBXFileReference; lastKnownFileType = wrapper.framework; name = CoreFoundation.framework; path = /System/Library/Frameworks/CoreFoundation.framework; sourceTree = "<absolute>"; };
		E45BE9770E8CC7DD009D7055 /* CoreServices.framework */ = {isa = PBXFileReference; lastKnownFileType = wrapper.framework; name = CoreServices.framework; path = /System/Library/Frameworks/CoreServices.framework; sourceTree = "<absolute>"; };
		E45BE9790E8CC7DD009D7055 /* OpenGL.framework */ = {isa = PBXFileReference; lastKnownFileType = wrapper.framework; name = OpenGL.framework; path = /System/Library/Frameworks/OpenGL.framework; sourceTree = "<absolute>"; };
		E45BE97A0E8CC7DD009D7055 /* QuickTime.framework */ = {isa = PBXFileReference; lastKnownFileType = wrapper.framework; name = QuickTime.framework; path = /System/Library/Frameworks/QuickTime.framework; sourceTree = "<absolute>"; };
		E4B69B5B0A3A1756003C02F2 /* flockingDebug.app */ = {isa = PBXFileReference; explicitFileType = wrapper.application; includeInIndex = 0; path = flockingDebug.app; sourceTree = BUILT_PRODUCTS_DIR; };
		E4B69E1D0A3A1BDC003C02F2 /* main.cpp */ = {isa = PBXFileReference; fileEncoding = 30; lastKnownFileType = sourcecode.cpp.cpp; name = main.cpp; path = src/main.cpp; sourceTree = SOURCE_ROOT; };
		E4B69E1E0A3A1BDC003C02F2 /* ofApp.cpp */ = {isa = PBXFileReference; explicitFileType = sourcecode.cpp.cpp; fileEncoding = 30; name = ofApp.cpp; path = src/ofApp.cpp; sourceTree = SOURCE_ROOT; };
		E4B69E1F0A3A1BDC003C02F2 /* ofApp.h */ = {isa = PBXFileReference; fileEncoding = 30; lastKnownFileType = sourcecode.c.h; name = ofApp.h; path = src/ofApp.h; sourceTree = SOURCE_ROOT; };
		E4B6FCAD0C3E899E008CF71C /* openFrameworks-Info.plist */ = {isa = PBXFileReference; fileEncoding = 30; lastKnownFileType = text.plist.xml; path = "openFrameworks-Info.plist"; sourceTree = "<group>"; };
		E4C2424410CC5A17004149E2 /* AppKit.framework */ = {isa = PBXFileReference; lastKnownFileType = wrapper.framework; name = AppKit.framework; path = /System/Library/Frameworks/AppKit.framework; sourceTree = "<absolute>"; };
		E4C2424510CC5A17004149E2 /* Cocoa.framework */ = {isa = PBXFileReference; lastKnownFileType = wrapper.framework; name = Cocoa.framework; path = /System/Library/Frameworks/Cocoa.framework; sourceTree = "<absolute>"; };
		E4C2424610CC5A17004149E2 /* IOKit.framework */ = {isa = PBXFileReference; lastKnownFileType = wrapper.framework; name = IOKit.framework; path = /System/Library/Frameworks/IOKit.framework; sourceTree = "<absolute>"; };
		E4EB691F138AFCF100A09F29 /* CoreOF.xcconfig */ = {isa = PBXFileReference; fileEncoding = 4; lastKnownFileType = text.xcconfig; name = CoreOF.xcconfig; path = ../../../libs/openFrameworksCompiled/project/osx/CoreOF.xcconfig; sourceTree = SOURCE_ROOT; };
		E4EB6923138AFD0F00A09F29 /* Project.xcconfig */ = {isa = PBXFileReference; fileEncoding = 4; lastKnownFileType = text.xcconfig; path = Project.xcconfig; sourceTree = "<group>"; };
		E5A0943F9EE3562B755B952D /* guiCallback.h */ = {isa = PBXFileReference; explicitFileType = sourcecode.c.h; fileEncoding = 30; name = guiCallback.h; path = src/ofxControlPanel/src/guiCallback.h; sourceTree = SOURCE_ROOT; };
		E7E077E415D3B63C0020DFD4 /* CoreVideo.framework */ = {isa = PBXFileReference; lastKnownFileType = wrapper.framework; name = CoreVideo.framework; path = /System/Library/Frameworks/CoreVideo.framework; sourceTree = "<absolute>"; };
		E7E077E715D3B6510020DFD4 /* QTKit.framework */ = {isa = PBXFileReference; lastKnownFileType = wrapper.framework; name = QTKit.framework; path = /System/Library/Frameworks/QTKit.framework; sourceTree = "<absolute>"; };
		E7F8FBADD144B9A25BE47B0F /* guiTypeCustom.cpp */ = {isa = PBXFileReference; explicitFileType = sourcecode.cpp.cpp; fileEncoding = 30; name = guiTypeCustom.cpp; path = src/ofxControlPanel/src/guiTypeCustom.cpp; sourceTree = SOURCE_ROOT; };
		E7F985F515E0DE99003869B5 /* Accelerate.framework */ = {isa = PBXFileReference; lastKnownFileType = wrapper.framework; name = Accelerate.framework; path = /System/Library/Frameworks/Accelerate.framework; sourceTree = "<absolute>"; };
		EAA17C174C209CAA64D33935 /* guiTypeText.cpp */ = {isa = PBXFileReference; explicitFileType = sourcecode.cpp.cpp; fileEncoding = 30; name = guiTypeText.cpp; path = src/ofxControlPanel/src/guiTypeText.cpp; sourceTree = SOURCE_ROOT; };
		EE548CD2DDF2B7F6DEFB378F /* simpleFileLister.h */ = {isa = PBXFileReference; explicitFileType = sourcecode.c.h; fileEncoding = 30; name = simpleFileLister.h; path = src/ofxControlPanel/src/simpleFileLister.h; sourceTree = SOURCE_ROOT; };
		EE986754432E040B80C99F4D /* simpleLogger.h */ = {isa = PBXFileReference; explicitFileType = sourcecode.c.h; fileEncoding = 30; name = simpleLogger.h; path = src/ofxControlPanel/src/simpleLogger.h; sourceTree = SOURCE_ROOT; };
		F13FCFC0ACD6759DFDC0DB34 /* guiCallback.cpp */ = {isa = PBXFileReference; explicitFileType = sourcecode.cpp.cpp; fileEncoding = 30; name = guiCallback.cpp; path = src/ofxControlPanel/src/guiCallback.cpp; sourceTree = SOURCE_ROOT; };
		F24D4E4956D5C309640BF652 /* guiValue.h */ = {isa = PBXFileReference; explicitFileType = sourcecode.c.h; fileEncoding = 30; name = guiValue.h; path = src/ofxControlPanel/src/guiValue.h; sourceTree = SOURCE_ROOT; };
		F407459AF9A03D19ED0EF1F1 /* guiTypeTextInput.cpp */ = {isa = PBXFileReference; explicitFileType = sourcecode.cpp.cpp; fileEncoding = 30; name = guiTypeTextInput.cpp; path = src/ofxControlPanel/src/guiTypeTextInput.cpp; sourceTree = SOURCE_ROOT; };
		F8BA871CC5ECF5C95D891B63 /* simpleColor.cpp */ = {isa = PBXFileReference; explicitFileType = sourcecode.cpp.cpp; fileEncoding = 30; name = simpleColor.cpp; path = src/ofxControlPanel/src/simpleColor.cpp; sourceTree = SOURCE_ROOT; };
		FE590CCC2CA196B385B2BE44 /* guiTypeLogger.h */ = {isa = PBXFileReference; explicitFileType = sourcecode.c.h; fileEncoding = 30; name = guiTypeLogger.h; path = src/ofxControlPanel/src/guiTypeLogger.h; sourceTree = SOURCE_ROOT; };
/* End PBXFileReference section */

/* Begin PBXFrameworksBuildPhase section */
		E4B69B590A3A1756003C02F2 /* Frameworks */ = {
			isa = PBXFrameworksBuildPhase;
			buildActionMask = 2147483647;
			files = (
				6474CBF619BCE019003C94E2 /* AVFoundation.framework in Frameworks */,
				6474CBF719BCE019003C94E2 /* CoreMedia.framework in Frameworks */,
				6474CBF819BCE019003C94E2 /* QuartzCore.framework in Frameworks */,
				E7F985F815E0DEA3003869B5 /* Accelerate.framework in Frameworks */,
				E7E077E815D3B6510020DFD4 /* QTKit.framework in Frameworks */,
				E4EB6799138ADC1D00A09F29 /* GLUT.framework in Frameworks */,
				E4328149138ABC9F0047C5CB /* openFrameworksDebug.a in Frameworks */,
				E45BE97B0E8CC7DD009D7055 /* AGL.framework in Frameworks */,
				E45BE97C0E8CC7DD009D7055 /* ApplicationServices.framework in Frameworks */,
				E45BE97D0E8CC7DD009D7055 /* AudioToolbox.framework in Frameworks */,
				E45BE97F0E8CC7DD009D7055 /* CoreAudio.framework in Frameworks */,
				E45BE9800E8CC7DD009D7055 /* CoreFoundation.framework in Frameworks */,
				E45BE9810E8CC7DD009D7055 /* CoreServices.framework in Frameworks */,
				E45BE9830E8CC7DD009D7055 /* OpenGL.framework in Frameworks */,
				E45BE9840E8CC7DD009D7055 /* QuickTime.framework in Frameworks */,
				E4C2424710CC5A17004149E2 /* AppKit.framework in Frameworks */,
				E4C2424810CC5A17004149E2 /* Cocoa.framework in Frameworks */,
				E4C2424910CC5A17004149E2 /* IOKit.framework in Frameworks */,
				E7E077E515D3B63C0020DFD4 /* CoreVideo.framework in Frameworks */,
			);
			runOnlyForDeploymentPostprocessing = 0;
		};
/* End PBXFrameworksBuildPhase section */

/* Begin PBXGroup section */
		70B88C4AAFDBD04FDA1119BB /* ofxControlPanel */ = {
			isa = PBXGroup;
			children = (
				BA2A4D27866123CFD1467703 /* ofxAutoControlPanel.h */,
				DB979FAA0D5E283AB5D1F45D /* src */,
			);
			name = ofxControlPanel;
			sourceTree = "<group>";
		};
		AB0DF7051AD2469E0018FD18 /* ofxXmlSettings */ = {
			isa = PBXGroup;
			children = (
				AB0DF7061AD2469E0018FD18 /* src */,
				AB0DF7091AD2469E0018FD18 /* libs */,
			);
			name = ofxXmlSettings;
			sourceTree = "<group>";
		};
		AB0DF7061AD2469E0018FD18 /* src */ = {
			isa = PBXGroup;
			children = (
				AB0DF7071AD2469E0018FD18 /* ofxXmlSettings.cpp */,
				AB0DF7081AD2469E0018FD18 /* ofxXmlSettings.h */,
			);
			name = src;
			path = ../../../../of_v0.8.3_osx_release/addons/ofxXmlSettings/src;
			sourceTree = "<group>";
		};
		AB0DF7091AD2469E0018FD18 /* libs */ = {
			isa = PBXGroup;
			children = (
				AB0DF70A1AD2469E0018FD18 /* tinyxml.cpp */,
				AB0DF70B1AD2469E0018FD18 /* tinyxml.h */,
				AB0DF70C1AD2469E0018FD18 /* tinyxmlerror.cpp */,
				AB0DF70D1AD2469E0018FD18 /* tinyxmlparser.cpp */,
			);
			name = libs;
			path = ../../../../of_v0.8.3_osx_release/addons/ofxXmlSettings/libs;
			sourceTree = "<group>";
		};
		BB4B014C10F69532006C3DED /* addons */ = {
			isa = PBXGroup;
			children = (
				AB0DF7051AD2469E0018FD18 /* ofxXmlSettings */,
			);
			name = addons;
			sourceTree = "<group>";
		};
		BBAB23C913894ECA00AA2426 /* system frameworks */ = {
			isa = PBXGroup;
			children = (
				6474CBF019BCE00B003C94E2 /* AVFoundation.framework */,
				6474CBF119BCE00B003C94E2 /* CoreMedia.framework */,
				6474CBF219BCE00B003C94E2 /* QuartzCore.framework */,
				E7F985F515E0DE99003869B5 /* Accelerate.framework */,
				E4C2424410CC5A17004149E2 /* AppKit.framework */,
				E4C2424510CC5A17004149E2 /* Cocoa.framework */,
				E4C2424610CC5A17004149E2 /* IOKit.framework */,
				E45BE9710E8CC7DD009D7055 /* AGL.framework */,
				E45BE9720E8CC7DD009D7055 /* ApplicationServices.framework */,
				E45BE9730E8CC7DD009D7055 /* AudioToolbox.framework */,
				E45BE9750E8CC7DD009D7055 /* CoreAudio.framework */,
				E45BE9760E8CC7DD009D7055 /* CoreFoundation.framework */,
				E45BE9770E8CC7DD009D7055 /* CoreServices.framework */,
				E45BE9790E8CC7DD009D7055 /* OpenGL.framework */,
				E45BE97A0E8CC7DD009D7055 /* QuickTime.framework */,
				E7E077E415D3B63C0020DFD4 /* CoreVideo.framework */,
				E7E077E715D3B6510020DFD4 /* QTKit.framework */,
			);
			name = "system frameworks";
			sourceTree = "<group>";
		};
		BBAB23CA13894EDB00AA2426 /* 3rd party frameworks */ = {
			isa = PBXGroup;
			children = (
				BBAB23BE13894E4700AA2426 /* GLUT.framework */,
			);
			name = "3rd party frameworks";
			sourceTree = "<group>";
		};
		DB979FAA0D5E283AB5D1F45D /* src */ = {
			isa = PBXGroup;
			children = (
				3D0B6DBF17D58ACC63E46173 /* guiBaseObject.cpp */,
				3404C6F397ED50FA25128632 /* guiBaseObject.h */,
				F13FCFC0ACD6759DFDC0DB34 /* guiCallback.cpp */,
				E5A0943F9EE3562B755B952D /* guiCallback.h */,
				291819969207C5A1D55818F3 /* guiCallbackValue.cpp */,
				7CB8FD7D9E641DF0E3CD6FCA /* guiCallbackValue.h */,
				B87503EC7114D587C4B6D0F8 /* guiColor.cpp */,
				1C413C4807986812E90AF127 /* guiColor.h */,
				7507F56545723A550972A507 /* guiCustomImpl.h */,
				8DBA4F1FAB12379DFFD9D560 /* guiIncludes.h */,
				84F3A6D034C336596C209486 /* guiTextBase.cpp */,
				97334EC181912CB7C4CD0E98 /* guiTextBase.h */,
				E273EBD7FB776B4300033078 /* guiType2DSlider.cpp */,
				5D0315F84A2357D7B8A8F312 /* guiType2DSlider.h */,
				65C612C51C0A661F4FB6648C /* guiTypeButtonSlider.cpp */,
				3F62FAB9CBDC4E3A8FE5F9CD /* guiTypeButtonSlider.h */,
				9EC2166DDF5A4B37248379DA /* guiTypeChartPlotter.cpp */,
				1ED6AD99FD92FB0800C056D3 /* guiTypeChartPlotter.h */,
				E7F8FBADD144B9A25BE47B0F /* guiTypeCustom.cpp */,
				2758020C04CC35F2FD1D28EE /* guiTypeCustom.h */,
				097568880BC7D828549A109D /* guiTypeDrawable.cpp */,
				4F21538397B239430AB94917 /* guiTypeDrawable.h */,
				C40533D2133B5F12824B3EF7 /* guiTypeFileLister.cpp */,
				B42C5723E61EACBCBC7FC726 /* guiTypeFileLister.h */,
				149016B1A89A34F9D2461C49 /* guiTypeLabel.cpp */,
				6ED1108BFCAC129BCCE62A14 /* guiTypeLabel.h */,
				C63AF39E1CB32D27AFE6CFAB /* guiTypeLogger.cpp */,
				FE590CCC2CA196B385B2BE44 /* guiTypeLogger.h */,
				5A62F6329268B6C002D0B5A3 /* guiTypeMultiToggle.cpp */,
				1C800E7D2478CDC0B86B86AD /* guiTypeMultiToggle.h */,
				1989A13C067C5D6D12CE68D5 /* guiTypePanel.cpp */,
				11CA502443F9FD77EEF92FAA /* guiTypePanel.h */,
				9ED1F5C2FBA890C596F54328 /* guiTypeSlider.cpp */,
				3E0936771537B38B1DB72FA4 /* guiTypeSlider.h */,
				EAA17C174C209CAA64D33935 /* guiTypeText.cpp */,
				02E924BB5D84723C6494231E /* guiTypeText.h */,
				CD02AAA473F9AC139EDD43BE /* guiTypeTextDropDown.cpp */,
				678DF4ABADE8D9C8352463DB /* guiTypeTextDropDown.h */,
				F407459AF9A03D19ED0EF1F1 /* guiTypeTextInput.cpp */,
				09AD3A067CCB2FBB3D58A0EA /* guiTypeTextInput.h */,
				D23B06CD69A9A8A33F30AFF9 /* guiTypeToggle.cpp */,
				CA4EBF5BB74CABEAD5DBFC54 /* guiTypeToggle.h */,
				506CB1AC56F228EF96C22630 /* guiTypeVairableLister.cpp */,
				70A1E2317AD2EDA4F2D40FA0 /* guiTypeVairableLister.h */,
				3641F993E6902E1FBBB67755 /* guiTypeVideo.cpp */,
				390A886434EA52CC82C5304A /* guiTypeVideo.h */,
				D0CDF78D2FBC06834766795E /* guiValue.cpp */,
				F24D4E4956D5C309640BF652 /* guiValue.h */,
				DF3B668FFBAAEE360013E581 /* guiVariablePointer.h */,
				191B7643F50F4E35B835FFAA /* guiXmlValue.h */,
				DBAF8334A7346565465B324A /* ofxControlPanel.cpp */,
				3B7942A649E6169C9AFD8865 /* ofxControlPanel.h */,
				F8BA871CC5ECF5C95D891B63 /* simpleColor.cpp */,
				E341FA30B720F0A95335CB41 /* simpleColor.h */,
				D170DEB278727B0F538FB807 /* simpleFileLister.cpp */,
				EE548CD2DDF2B7F6DEFB378F /* simpleFileLister.h */,
				45C35527A6BFC12F9414C498 /* simpleLogger.cpp */,
				EE986754432E040B80C99F4D /* simpleLogger.h */,
			);
			name = src;
			sourceTree = "<group>";
		};
		E4328144138ABC890047C5CB /* Products */ = {
			isa = PBXGroup;
			children = (
				E4328148138ABC890047C5CB /* openFrameworksDebug.a */,
			);
			name = Products;
			sourceTree = "<group>";
		};
		E45BE5980E8CC70C009D7055 /* frameworks */ = {
			isa = PBXGroup;
			children = (
				BBAB23CA13894EDB00AA2426 /* 3rd party frameworks */,
				BBAB23C913894ECA00AA2426 /* system frameworks */,
			);
			name = frameworks;
			sourceTree = "<group>";
		};
		E4B69B4A0A3A1720003C02F2 = {
			isa = PBXGroup;
			children = (
				E4B6FCAD0C3E899E008CF71C /* openFrameworks-Info.plist */,
				E4EB6923138AFD0F00A09F29 /* Project.xcconfig */,
				E4B69E1C0A3A1BDC003C02F2 /* src */,
				E4EEC9E9138DF44700A80321 /* openFrameworks */,
				BB4B014C10F69532006C3DED /* addons */,
				E45BE5980E8CC70C009D7055 /* frameworks */,
				E4B69B5B0A3A1756003C02F2 /* flockingDebug.app */,
			);
			sourceTree = "<group>";
		};
		E4B69E1C0A3A1BDC003C02F2 /* src */ = {
			isa = PBXGroup;
			children = (
				E4B69E1D0A3A1BDC003C02F2 /* main.cpp */,
				E4B69E1E0A3A1BDC003C02F2 /* ofApp.cpp */,
				E4B69E1F0A3A1BDC003C02F2 /* ofApp.h */,
				70B88C4AAFDBD04FDA1119BB /* ofxControlPanel */,
				09150BF591FDDF0ECA6D1D30 /* particle.cpp */,
				C4290E0AA046AB2952A4F506 /* particle.h */,
			);
			path = src;
			sourceTree = SOURCE_ROOT;
		};
		E4EEC9E9138DF44700A80321 /* openFrameworks */ = {
			isa = PBXGroup;
			children = (
				E4EB691F138AFCF100A09F29 /* CoreOF.xcconfig */,
				E4328143138ABC890047C5CB /* openFrameworksLib.xcodeproj */,
			);
			name = openFrameworks;
			sourceTree = "<group>";
		};
/* End PBXGroup section */

/* Begin PBXNativeTarget section */
		E4B69B5A0A3A1756003C02F2 /* flocking */ = {
			isa = PBXNativeTarget;
			buildConfigurationList = E4B69B5F0A3A1757003C02F2 /* Build configuration list for PBXNativeTarget "flocking" */;
			buildPhases = (
				E4B69B580A3A1756003C02F2 /* Sources */,
				E4B69B590A3A1756003C02F2 /* Frameworks */,
				E4B6FFFD0C3F9AB9008CF71C /* ShellScript */,
				E4C2427710CC5ABF004149E2 /* CopyFiles */,
			);
			buildRules = (
			);
			dependencies = (
				E4EEB9AC138B136A00A80321 /* PBXTargetDependency */,
			);
			name = flocking;
			productName = myOFApp;
			productReference = E4B69B5B0A3A1756003C02F2 /* flockingDebug.app */;
			productType = "com.apple.product-type.application";
		};
/* End PBXNativeTarget section */

/* Begin PBXProject section */
		E4B69B4C0A3A1720003C02F2 /* Project object */ = {
			isa = PBXProject;
			attributes = {
				LastUpgradeCheck = 0460;
			};
			buildConfigurationList = E4B69B4D0A3A1720003C02F2 /* Build configuration list for PBXProject "flocking" */;
			compatibilityVersion = "Xcode 3.2";
			developmentRegion = English;
			hasScannedForEncodings = 0;
			knownRegions = (
				English,
				Japanese,
				French,
				German,
			);
			mainGroup = E4B69B4A0A3A1720003C02F2;
			productRefGroup = E4B69B4A0A3A1720003C02F2;
			projectDirPath = "";
			projectReferences = (
				{
					ProductGroup = E4328144138ABC890047C5CB /* Products */;
					ProjectRef = E4328143138ABC890047C5CB /* openFrameworksLib.xcodeproj */;
				},
			);
			projectRoot = "";
			targets = (
				E4B69B5A0A3A1756003C02F2 /* flocking */,
			);
		};
/* End PBXProject section */

/* Begin PBXReferenceProxy section */
		E4328148138ABC890047C5CB /* openFrameworksDebug.a */ = {
			isa = PBXReferenceProxy;
			fileType = archive.ar;
			path = openFrameworksDebug.a;
			remoteRef = E4328147138ABC890047C5CB /* PBXContainerItemProxy */;
			sourceTree = BUILT_PRODUCTS_DIR;
		};
/* End PBXReferenceProxy section */

/* Begin PBXShellScriptBuildPhase section */
		E4B6FFFD0C3F9AB9008CF71C /* ShellScript */ = {
			isa = PBXShellScriptBuildPhase;
			buildActionMask = 2147483647;
			files = (
			);
			inputPaths = (
			);
			outputPaths = (
			);
			runOnlyForDeploymentPostprocessing = 0;
			shellPath = /bin/sh;
			shellScript = "cp -f ../../../libs/fmodex/lib/osx/libfmodex.dylib \"$TARGET_BUILD_DIR/$PRODUCT_NAME.app/Contents/MacOS/libfmodex.dylib\"; install_name_tool -change ./libfmodex.dylib @executable_path/libfmodex.dylib \"$TARGET_BUILD_DIR/$PRODUCT_NAME.app/Contents/MacOS/$PRODUCT_NAME\";\nmkdir -p \"$TARGET_BUILD_DIR/$PRODUCT_NAME.app/Contents/Resources/\"\ncp -f \"$ICON_FILE\" \"$TARGET_BUILD_DIR/$PRODUCT_NAME.app/Contents/Resources/\"\n";
		};
/* End PBXShellScriptBuildPhase section */

/* Begin PBXSourcesBuildPhase section */
		E4B69B580A3A1756003C02F2 /* Sources */ = {
			isa = PBXSourcesBuildPhase;
			buildActionMask = 2147483647;
			files = (
				AB0DF7111AD2469E0018FD18 /* tinyxmlparser.cpp in Sources */,
				E4B69E200A3A1BDC003C02F2 /* main.cpp in Sources */,
				E4B69E210A3A1BDC003C02F2 /* ofApp.cpp in Sources */,
				305F6CA0D586511D1A4B74AA /* guiBaseObject.cpp in Sources */,
				A42F28A57E1988B667F2C5C7 /* guiCallback.cpp in Sources */,
				32228DCF2887E54F5518A192 /* guiCallbackValue.cpp in Sources */,
				D5A6D19315822CE081324047 /* guiColor.cpp in Sources */,
				77CDAC4E72641A926F66CF23 /* guiTextBase.cpp in Sources */,
				C58DD68752D2F96FDBB0D327 /* guiType2DSlider.cpp in Sources */,
				8F3DE660BB3F8DA1013BEBE9 /* guiTypeButtonSlider.cpp in Sources */,
				3FC457E7DBC6F803E836F84C /* guiTypeChartPlotter.cpp in Sources */,
				F30303A05C23473489E16E88 /* guiTypeCustom.cpp in Sources */,
				DB63BE57E70DB9197B5D4B2F /* guiTypeDrawable.cpp in Sources */,
				B4679340C8D9897C694BA5A5 /* guiTypeFileLister.cpp in Sources */,
				AB0DF70E1AD2469E0018FD18 /* ofxXmlSettings.cpp in Sources */,
				B1D83FD9410A8C4B53E41FA0 /* guiTypeLabel.cpp in Sources */,
				D8C42AB95A0FA3C44FC6B476 /* guiTypeLogger.cpp in Sources */,
				ADCAD89D19AF644DE4B980DD /* guiTypeMultiToggle.cpp in Sources */,
				AB0DF70F1AD2469E0018FD18 /* tinyxml.cpp in Sources */,
				880714DF8E5B06BA88B98C49 /* guiTypePanel.cpp in Sources */,
				C0C58EDF9BB79C5DEEB2A42A /* guiTypeSlider.cpp in Sources */,
				B791D0CB11613CCB610A683D /* guiTypeText.cpp in Sources */,
				AB0DF7101AD2469E0018FD18 /* tinyxmlerror.cpp in Sources */,
				855211085FA3A30A3B246698 /* guiTypeTextDropDown.cpp in Sources */,
				DCB9250D6B51CD3062AB9C5A /* guiTypeTextInput.cpp in Sources */,
				48C4CC14F41C5011881CF4C9 /* guiTypeToggle.cpp in Sources */,
				DE1502C2240BBA214D4F95D3 /* guiTypeVairableLister.cpp in Sources */,
				FD0FAE2D501EADF18A167574 /* guiTypeVideo.cpp in Sources */,
				9184B44A8BB766700E50E1F5 /* guiValue.cpp in Sources */,
				4DB1E0E9777D54AF9A5C730C /* ofxControlPanel.cpp in Sources */,
				ECF32D4C2482DCECEC323401 /* simpleColor.cpp in Sources */,
				AF9EED97E5787D318B5C5FC9 /* simpleFileLister.cpp in Sources */,
				2B21574B1D08F16229459F08 /* simpleLogger.cpp in Sources */,
				72C9C04E23596576DC20D815 /* particle.cpp in Sources */,
			);
			runOnlyForDeploymentPostprocessing = 0;
		};
/* End PBXSourcesBuildPhase section */

/* Begin PBXTargetDependency section */
		E4EEB9AC138B136A00A80321 /* PBXTargetDependency */ = {
			isa = PBXTargetDependency;
			name = openFrameworks;
			targetProxy = E4EEB9AB138B136A00A80321 /* PBXContainerItemProxy */;
		};
/* End PBXTargetDependency section */

/* Begin XCBuildConfiguration section */
		E4B69B4E0A3A1720003C02F2 /* Debug */ = {
			isa = XCBuildConfiguration;
			baseConfigurationReference = E4EB6923138AFD0F00A09F29 /* Project.xcconfig */;
			buildSettings = {
				ARCHS = "$(NATIVE_ARCH)";
				CONFIGURATION_BUILD_DIR = "$(SRCROOT)/bin/";
				COPY_PHASE_STRIP = NO;
				DEAD_CODE_STRIPPING = YES;
				GCC_AUTO_VECTORIZATION = YES;
				GCC_ENABLE_SSE3_EXTENSIONS = YES;
				GCC_ENABLE_SUPPLEMENTAL_SSE3_INSTRUCTIONS = YES;
				GCC_INLINES_ARE_PRIVATE_EXTERN = NO;
				GCC_OPTIMIZATION_LEVEL = 0;
				GCC_SYMBOLS_PRIVATE_EXTERN = NO;
				GCC_WARN_ABOUT_DEPRECATED_FUNCTIONS = YES;
				GCC_WARN_ABOUT_INVALID_OFFSETOF_MACRO = NO;
				GCC_WARN_ALLOW_INCOMPLETE_PROTOCOL = NO;
				GCC_WARN_UNINITIALIZED_AUTOS = NO;
				GCC_WARN_UNUSED_VALUE = NO;
				GCC_WARN_UNUSED_VARIABLE = NO;
				HEADER_SEARCH_PATHS = (
					"$(OF_CORE_HEADERS)",
					../../../addons/libs,
					../../../addons/src,
					src,
					src/ofxControlPanel,
					src/ofxControlPanel/src,
				);
				MACOSX_DEPLOYMENT_TARGET = 10.6;
				OTHER_CPLUSPLUSFLAGS = (
					"-D__MACOSX_CORE__",
					"-lpthread",
					"-mtune=native",
				);
				SDKROOT = macosx;
			};
			name = Debug;
		};
		E4B69B4F0A3A1720003C02F2 /* Release */ = {
			isa = XCBuildConfiguration;
			baseConfigurationReference = E4EB6923138AFD0F00A09F29 /* Project.xcconfig */;
			buildSettings = {
				ARCHS = "$(NATIVE_ARCH)";
				CONFIGURATION_BUILD_DIR = "$(SRCROOT)/bin/";
				COPY_PHASE_STRIP = YES;
				DEAD_CODE_STRIPPING = YES;
				GCC_AUTO_VECTORIZATION = YES;
				GCC_ENABLE_SSE3_EXTENSIONS = YES;
				GCC_ENABLE_SUPPLEMENTAL_SSE3_INSTRUCTIONS = YES;
				GCC_INLINES_ARE_PRIVATE_EXTERN = NO;
				GCC_OPTIMIZATION_LEVEL = 3;
				GCC_SYMBOLS_PRIVATE_EXTERN = NO;
				GCC_UNROLL_LOOPS = YES;
				GCC_WARN_ABOUT_DEPRECATED_FUNCTIONS = YES;
				GCC_WARN_ABOUT_INVALID_OFFSETOF_MACRO = NO;
				GCC_WARN_ALLOW_INCOMPLETE_PROTOCOL = NO;
				GCC_WARN_UNINITIALIZED_AUTOS = NO;
				GCC_WARN_UNUSED_VALUE = NO;
				GCC_WARN_UNUSED_VARIABLE = NO;
				HEADER_SEARCH_PATHS = (
					"$(OF_CORE_HEADERS)",
					../../../addons/libs,
					../../../addons/src,
					src,
					src/ofxControlPanel,
					src/ofxControlPanel/src,
				);
				MACOSX_DEPLOYMENT_TARGET = 10.6;
				OTHER_CPLUSPLUSFLAGS = (
					"-D__MACOSX_CORE__",
					"-lpthread",
					"-mtune=native",
				);
				SDKROOT = macosx;
			};
			name = Release;
		};
		E4B69B600A3A1757003C02F2 /* Debug */ = {
			isa = XCBuildConfiguration;
			buildSettings = {
				COMBINE_HIDPI_IMAGES = YES;
				COPY_PHASE_STRIP = NO;
				FRAMEWORK_SEARCH_PATHS = (
					"$(inherited)",
					"$(FRAMEWORK_SEARCH_PATHS_QUOTED_FOR_TARGET_1)",
				);
				FRAMEWORK_SEARCH_PATHS_QUOTED_FOR_TARGET_1 = "\"$(SRCROOT)/../../../libs/glut/lib/osx\"";
				GCC_DYNAMIC_NO_PIC = NO;
				GCC_GENERATE_DEBUGGING_SYMBOLS = YES;
				GCC_MODEL_TUNING = NONE;
				ICON = "$(ICON_NAME_DEBUG)";
				ICON_FILE = "$(ICON_FILE_PATH)$(ICON)";
				INFOPLIST_FILE = "openFrameworks-Info.plist";
				INSTALL_PATH = "$(HOME)/Applications";
				LIBRARY_SEARCH_PATHS = "$(inherited)";
				PRODUCT_NAME = "$(TARGET_NAME)Debug";
				USER_HEADER_SEARCH_PATHS = "";
				WRAPPER_EXTENSION = app;
			};
			name = Debug;
		};
		E4B69B610A3A1757003C02F2 /* Release */ = {
			isa = XCBuildConfiguration;
			buildSettings = {
				COMBINE_HIDPI_IMAGES = YES;
				COPY_PHASE_STRIP = YES;
				FRAMEWORK_SEARCH_PATHS = (
					"$(inherited)",
					"$(FRAMEWORK_SEARCH_PATHS_QUOTED_FOR_TARGET_1)",
				);
				FRAMEWORK_SEARCH_PATHS_QUOTED_FOR_TARGET_1 = "\"$(SRCROOT)/../../../libs/glut/lib/osx\"";
				GCC_GENERATE_DEBUGGING_SYMBOLS = YES;
				GCC_MODEL_TUNING = NONE;
				ICON = "$(ICON_NAME_RELEASE)";
				ICON_FILE = "$(ICON_FILE_PATH)$(ICON)";
				INFOPLIST_FILE = "openFrameworks-Info.plist";
				INSTALL_PATH = "$(HOME)/Applications";
				LIBRARY_SEARCH_PATHS = "$(inherited)";
				PRODUCT_NAME = "$(TARGET_NAME)";
				USER_HEADER_SEARCH_PATHS = "";
				WRAPPER_EXTENSION = app;
			};
			name = Release;
		};
/* End XCBuildConfiguration section */

/* Begin XCConfigurationList section */
		E4B69B4D0A3A1720003C02F2 /* Build configuration list for PBXProject "flocking" */ = {
			isa = XCConfigurationList;
			buildConfigurations = (
				E4B69B4E0A3A1720003C02F2 /* Debug */,
				E4B69B4F0A3A1720003C02F2 /* Release */,
			);
			defaultConfigurationIsVisible = 0;
			defaultConfigurationName = Release;
		};
		E4B69B5F0A3A1757003C02F2 /* Build configuration list for PBXNativeTarget "flocking" */ = {
			isa = XCConfigurationList;
			buildConfigurations = (
				E4B69B600A3A1757003C02F2 /* Debug */,
				E4B69B610A3A1757003C02F2 /* Release */,
			);
			defaultConfigurationIsVisible = 0;
			defaultConfigurationName = Release;
		};
/* End XCConfigurationList section */
	};
	rootObject = E4B69B4C0A3A1720003C02F2 /* Project object */;
}
